
Microsoft Visual Studio Solution File, Format Version 12.00
# Visual Studio 15
VisualStudioVersion = 15.0.26730.15
MinimumVisualStudioVersion = 10.0.40219.1
Project("{FAE04EC0-301F-11D3-BF4B-00C04F79EFBC}") = "21.01.ver1", "21.01.ver1\21.01.ver1.csproj", "{A0C426B4-7CB0-4531-A489-E8CAC3AE4A28}"
EndProject
Project("{FAE04EC0-301F-11D3-BF4B-00C04F79EFBC}") = "ClassLib", "ClassLib\ClassLib.csproj", "{92312B9B-A01A-4E9F-A9E0-98A8146B0F00}"
EndProject
Project("{FAE04EC0-301F-11D3-BF4B-00C04F79EFBC}") = "21.01.ver2", "21.01.ver2\21.01.ver2.csproj", "{336EE14F-35E4-480D-A7A2-9F816A5BD0F9}"
EndProject
Project("{FAE04EC0-301F-11D3-BF4B-00C04F79EFBC}") = "InterfaceUtils", "InterfaceUtils\InterfaceUtils.csproj", "{12C0B781-07B0-48CD-8029-4F2665B3433C}"
EndProject
Project("{FAE04EC0-301F-11D3-BF4B-00C04F79EFBC}") = "21.02", "21.02\21.02.csproj", "{AB070D68-FC8D-4CEB-A737-6767BC7BAD26}"
EndProject
Global
	GlobalSection(SolutionConfigurationPlatforms) = preSolution
		Debug|Any CPU = Debug|Any CPU
		Release|Any CPU = Release|Any CPU
	EndGlobalSection
	GlobalSection(ProjectConfigurationPlatforms) = postSolution
		{A0C426B4-7CB0-4531-A489-E8CAC3AE4A28}.Debug|Any CPU.ActiveCfg = Debug|Any CPU
		{A0C426B4-7CB0-4531-A489-E8CAC3AE4A28}.Debug|Any CPU.Build.0 = Debug|Any CPU
		{A0C426B4-7CB0-4531-A489-E8CAC3AE4A28}.Release|Any CPU.ActiveCfg = Release|Any CPU
		{A0C426B4-7CB0-4531-A489-E8CAC3AE4A28}.Release|Any CPU.Build.0 = Release|Any CPU
		{92312B9B-A01A-4E9F-A9E0-98A8146B0F00}.Debug|Any CPU.ActiveCfg = Debug|Any CPU
		{92312B9B-A01A-4E9F-A9E0-98A8146B0F00}.Debug|Any CPU.Build.0 = Debug|Any CPU
		{92312B9B-A01A-4E9F-A9E0-98A8146B0F00}.Release|Any CPU.ActiveCfg = Release|Any CPU
		{92312B9B-A01A-4E9F-A9E0-98A8146B0F00}.Release|Any CPU.Build.0 = Release|Any CPU
		{336EE14F-35E4-480D-A7A2-9F816A5BD0F9}.Debug|Any CPU.ActiveCfg = Debug|Any CPU
		{336EE14F-35E4-480D-A7A2-9F816A5BD0F9}.Debug|Any CPU.Build.0 = Debug|Any CPU
		{336EE14F-35E4-480D-A7A2-9F816A5BD0F9}.Release|Any CPU.ActiveCfg = Release|Any CPU
		{336EE14F-35E4-480D-A7A2-9F816A5BD0F9}.Release|Any CPU.Build.0 = Release|Any CPU
		{12C0B781-07B0-48CD-8029-4F2665B3433C}.Debug|Any CPU.ActiveCfg = Debug|Any CPU
		{12C0B781-07B0-48CD-8029-4F2665B3433C}.Debug|Any CPU.Build.0 = Debug|Any CPU
		{12C0B781-07B0-48CD-8029-4F2665B3433C}.Release|Any CPU.ActiveCfg = Release|Any CPU
		{12C0B781-07B0-48CD-8029-4F2665B3433C}.Release|Any CPU.Build.0 = Release|Any CPU
		{AB070D68-FC8D-4CEB-A737-6767BC7BAD26}.Debug|Any CPU.ActiveCfg = Debug|Any CPU
		{AB070D68-FC8D-4CEB-A737-6767BC7BAD26}.Debug|Any CPU.Build.0 = Debug|Any CPU
		{AB070D68-FC8D-4CEB-A737-6767BC7BAD26}.Release|Any CPU.ActiveCfg = Release|Any CPU
		{AB070D68-FC8D-4CEB-A737-6767BC7BAD26}.Release|Any CPU.Build.0 = Release|Any CPU
	EndGlobalSection
	GlobalSection(SolutionProperties) = preSolution
		HideSolutionNode = FALSE
	EndGlobalSection
	GlobalSection(ExtensibilityGlobals) = postSolution
		SolutionGuid = {62D6A536-7A63-4919-868D-8E052B1249C4}
	EndGlobalSection
EndGlobal
